<Solution>
  <Folder Name="/.github/" />
  <Folder Name="/.github/workflows/">
    <File Path=".github\workflows\dotnet.yml" />
    <File Path=".github\workflows\publish.yml" />
    <File Path=".github\dependabot.yml" />
  </Folder>
  <Folder Name="/Solution Items/">
    <File Path=".editorconfig" />
    <File Path=".gitignore" />
    <File Path="build-and-test.ps1" />
    <File Path="LICENSE" />
    <File Path="README.md" />
  </Folder>
  <Folder Name="/src/">
    <Project Path="src\AStar.Dev.Infrastructure.FilesDb\AStar.Dev.Infrastructure.FilesDb.csproj" Type="Classic C#" />
  </Folder>
  <Folder Name="/test/" />
  <Folder Name="/test/unit/">
    <Project Path="test\AStar.Dev.Infrastructure.FilesDb.Tests.Unit\AStar.Dev.Infrastructure.FilesDb.Tests.Unit.csproj" Type="Classic C#" />
  </Folder>
</Solution>